
Microsoft Visual Studio Solution File, Format Version 12.00
# Visual Studio Version 17
VisualStudioVersion = 17.11.35327.3
MinimumVisualStudioVersion = 10.0.40219.1
Project("{FAE04EC0-301F-11D3-BF4B-00C04F79EFBC}") = "form", "form\form.csproj", "{87DE1181-5770-4F62-A00A-937542CF183B}"
EndProject
Global
	GlobalSection(SolutionConfigurationPlatforms) = preSolution
		Debug|Any CPU = Debug|Any CPU
		Release|Any CPU = Release|Any CPU
	EndGlobalSection
	GlobalSection(ProjectConfigurationPlatforms) = postSolution
		{87DE1181-5770-4F62-A00A-937542CF183B}.Debug|Any CPU.ActiveCfg = Debug|Any CPU
		{87DE1181-5770-4F62-A00A-937542CF183B}.Debug|Any CPU.Build.0 = Debug|Any CPU
		{87DE1181-5770-4F62-A00A-937542CF183B}.Release|Any CPU.ActiveCfg = Release|Any CPU
		{87DE1181-5770-4F62-A00A-937542CF183B}.Release|Any CPU.Build.0 = Release|Any CPU
	EndGlobalSection
	GlobalSection(SolutionProperties) = preSolution
		HideSolutionNode = FALSE
	EndGlobalSection
	GlobalSection(ExtensibilityGlobals) = postSolution
		SolutionGuid = {D5665FDC-361A-41B0-B7EC-AE3C23E46270}
	EndGlobalSection
EndGlobal
